# This file is autogenerated, do not edit; changes may be undone by the next 'dep ensure'.


[[projects]]
  digest = "1:70830468ded1f737a2b5aa96a3188b30729d7eb9ca725799215a213a8e560489"
  name = "github.com/derekparker/delve"
  packages = ["service/test"]
  pruneopts = "UT"
  revision = "9992fa83c16fc8612b33ad93ad29fbb524d1630c"
  version = "v1.1.0"

[solve-meta]
  analyzer-name = "dep"
  analyzer-version = 1
  input-imports = ["github.com/derekparker/delve/service/test"]
  solver-name = "gps-cdcl"
  solver-version = 1
